<?xml version="1.0" encoding="utf-8"?>
<Project ToolsVersion="4.0" xmlns="http://schemas.microsoft.com/developer/msbuild/2003">
  <ItemGroup>
    <Filter Include="Source Files">
      <UniqueIdentifier>{4FC737F1-C7A5-4376-A066-2A32D752A2FF}</UniqueIdentifier>
      <Extensions>cpp;c;cc;cxx;c++;cppm;ixx;def;odl;idl;hpj;bat;asm;asmx</Extensions>
    </Filter>
    <Filter Include="Pixel Shaders">
      <UniqueIdentifier>{c7cbf2f9-088b-47b2-b637-3360edf02e36}</UniqueIdentifier>
    </Filter>
    <Filter Include="Vertex Shaders">
      <UniqueIdentifier>{b55cd97d-877c-4377-a2cf-69559605cf42}</UniqueIdentifier>
    </Filter>
    <Filter Include="Header Files">
      <UniqueIdentifier>{93995380-89BD-4b04-88EB-625FBE52EBFB}</UniqueIdentifier>
      <Extensions>h;hh;hpp;hxx;h++;hm;inl;inc;ipp;xsd</Extensions>
    </Filter>
    <Filter Include="Header Files\Hide This">
      <UniqueIdentifier>{8e52b6f9-f2e1-4316-b9fe-60047f6d3dfb}</UniqueIdentifier>
    </Filter>
    <Filter Include="Header Files\Hide This\Resource Header Files">
      <UniqueIdentifier>{424d8d92-1083-442d-b5db-f8bfc0588191}</UniqueIdentifier>
    </Filter>
    <Filter Include="Header Files\Hide This\Resource Files">
      <UniqueIdentifier>{67DA6AB6-F800-4c08-8B7A-83BB121AAD01}</UniqueIdentifier>
      <Extensions>rc;ico;cur;bmp;dlg;rc2;rct;bin;rgs;gif;jpg;jpeg;jpe;resx;tiff;tif;png;wav;mfcribbon-ms</Extensions>
    </Filter>
  </ItemGroup>
  <ItemGroup>
    <ClInclude Include="src\Renderer.h">
      <Filter>Header Files</Filter>
    </ClInclude>
    <ClInclude Include="src\targetver.h">
      <Filter>Header Files\Hide This\Resource Header Files</Filter>
    </ClInclude>
    <ClInclude Include="src\Resource.h">
      <Filter>Header Files\Hide This\Resource Header Files</Filter>
    </ClInclude>
    <ClInclude Include="src\framework.h">
      <Filter>Header Files\Hide This\Resource Header Files</Filter>
    </ClInclude>
    <ClInclude Include="src\AnimationRenderer.h">
      <Filter>Header Files\Hide This\Resource Header Files</Filter>
    </ClInclude>
    <ClInclude Include="src\tools.h">
      <Filter>Header Files</Filter>
    </ClInclude>
    <ClInclude Include="src\LineDebugger.h">
      <Filter>Header Files</Filter>
    </ClInclude>
    <ClInclude Include="src\FBXParser.h">
      <Filter>Header Files</Filter>
    </ClInclude>
  </ItemGroup>
  <ItemGroup>
    <ClCompile Include="src\AnimationRenderer.cpp">
      <Filter>Source Files</Filter>
    </ClCompile>
    <ClCompile Include="src\Renderer.cpp">
      <Filter>Source Files</Filter>
    </ClCompile>
    <ClCompile Include="src\LineDebugger.cpp">
      <Filter>Source Files</Filter>
    </ClCompile>
    <ClCompile Include="src\FBXParser.cpp">
      <Filter>Source Files</Filter>
    </ClCompile>
    <ClCompile Include="src\Renderer_LOAD.cpp">
      <Filter>Source Files</Filter>
    </ClCompile>
    <ClCompile Include="src\Renderer_DRAW.cpp">
      <Filter>Source Files</Filter>
    </ClCompile>
  </ItemGroup>
  <ItemGroup>
    <ResourceCompile Include="src\AnimationRenderer.rc">
      <Filter>Header Files\Hide This\Resource Files</Filter>
    </ResourceCompile>
  </ItemGroup>
  <ItemGroup>
    <Image Include="src\small.ico">
      <Filter>Header Files\Hide This\Resource Files</Filter>
    </Image>
    <Image Include="src\AnimationRenderer.ico">
      <Filter>Header Files\Hide This\Resource Files</Filter>
    </Image>
  </ItemGroup>
  <ItemGroup>
    <FxCompile Include="shaders\XMPLpShader.hlsl">
      <Filter>Pixel Shaders</Filter>
    </FxCompile>
    <FxCompile Include="shaders\XMPLvShader.hlsl">
      <Filter>Vertex Shaders</Filter>
    </FxCompile>
  </ItemGroup>
</Project>